
Microsoft Visual Studio Solution File, Format Version 12.00
# Visual Studio Version 17
VisualStudioVersion = 17.6.33829.357
MinimumVisualStudioVersion = 10.0.40219.1
Project("{FAE04EC0-301F-11D3-BF4B-00C04F79EFBC}") = "Kalah_Game", "Kalah_Game\Kalah_Game.csproj", "{F7BDAC29-B018-4D8E-B190-D75350906074}"
EndProject
Global
	GlobalSection(SolutionConfigurationPlatforms) = preSolution
		Debug|Any CPU = Debug|Any CPU
		Release|Any CPU = Release|Any CPU
	EndGlobalSection
	GlobalSection(ProjectConfigurationPlatforms) = postSolution
		{F7BDAC29-B018-4D8E-B190-D75350906074}.Debug|Any CPU.ActiveCfg = Debug|Any CPU
		{F7BDAC29-B018-4D8E-B190-D75350906074}.Debug|Any CPU.Build.0 = Debug|Any CPU
		{F7BDAC29-B018-4D8E-B190-D75350906074}.Release|Any CPU.ActiveCfg = Release|Any CPU
		{F7BDAC29-B018-4D8E-B190-D75350906074}.Release|Any CPU.Build.0 = Release|Any CPU
	EndGlobalSection
	GlobalSection(SolutionProperties) = preSolution
		HideSolutionNode = FALSE
	EndGlobalSection
	GlobalSection(ExtensibilityGlobals) = postSolution
		SolutionGuid = {5F6BA6F8-323D-49D2-909B-F524B9460E3C}
	EndGlobalSection
EndGlobal
